
Microsoft Visual Studio Solution File, Format Version 11.00
# Visual Studio 2010
Project("{FAE04EC0-301F-11D3-BF4B-00C04F79EFBC}") = "CabinDB", "CabinDB.csproj", "{3E2F077E-A3C3-4F70-96EA-8ED3B8C93C06}"
EndProject
Project("{FAE04EC0-301F-11D3-BF4B-00C04F79EFBC}") = "CabinDB.Specs", "..\CabinDB.Specs\CabinDB.Specs.csproj", "{5DBED87D-610C-48E8-BD4D-1733200217F7}"
EndProject
Global
	GlobalSection(SolutionConfigurationPlatforms) = preSolution
		Debug|Any CPU = Debug|Any CPU
		Release|Any CPU = Release|Any CPU
	EndGlobalSection
	GlobalSection(ProjectConfigurationPlatforms) = postSolution
		{3E2F077E-A3C3-4F70-96EA-8ED3B8C93C06}.Debug|Any CPU.ActiveCfg = Debug|Any CPU
		{3E2F077E-A3C3-4F70-96EA-8ED3B8C93C06}.Debug|Any CPU.Build.0 = Debug|Any CPU
		{3E2F077E-A3C3-4F70-96EA-8ED3B8C93C06}.Release|Any CPU.ActiveCfg = Release|Any CPU
		{3E2F077E-A3C3-4F70-96EA-8ED3B8C93C06}.Release|Any CPU.Build.0 = Release|Any CPU
		{5DBED87D-610C-48E8-BD4D-1733200217F7}.Debug|Any CPU.ActiveCfg = Debug|Any CPU
		{5DBED87D-610C-48E8-BD4D-1733200217F7}.Debug|Any CPU.Build.0 = Debug|Any CPU
		{5DBED87D-610C-48E8-BD4D-1733200217F7}.Release|Any CPU.ActiveCfg = Release|Any CPU
		{5DBED87D-610C-48E8-BD4D-1733200217F7}.Release|Any CPU.Build.0 = Release|Any CPU
	EndGlobalSection
	GlobalSection(SolutionProperties) = preSolution
		HideSolutionNode = FALSE
	EndGlobalSection
EndGlobal
